
Microsoft Visual Studio Solution File, Format Version 12.00
# Visual Studio Version 16
VisualStudioVersion = 16.0.30804.86
MinimumVisualStudioVersion = 10.0.40219.1
Project("{F184B08F-C81C-45F6-A57F-5ABD9991F28F}") = "Escape Puzzle", "Escape Puzzle\Escape Puzzle.vbproj", "{3EEDFD16-3716-4621-ABCA-97BBFFDB08C6}"
EndProject
Global
	GlobalSection(SolutionConfigurationPlatforms) = preSolution
		Debug|Any CPU = Debug|Any CPU
		Release|Any CPU = Release|Any CPU
	EndGlobalSection
	GlobalSection(ProjectConfigurationPlatforms) = postSolution
		{3EEDFD16-3716-4621-ABCA-97BBFFDB08C6}.Debug|Any CPU.ActiveCfg = Debug|Any CPU
		{3EEDFD16-3716-4621-ABCA-97BBFFDB08C6}.Debug|Any CPU.Build.0 = Debug|Any CPU
		{3EEDFD16-3716-4621-ABCA-97BBFFDB08C6}.Release|Any CPU.ActiveCfg = Release|Any CPU
		{3EEDFD16-3716-4621-ABCA-97BBFFDB08C6}.Release|Any CPU.Build.0 = Release|Any CPU
	EndGlobalSection
	GlobalSection(SolutionProperties) = preSolution
		HideSolutionNode = FALSE
	EndGlobalSection
	GlobalSection(ExtensibilityGlobals) = postSolution
		SolutionGuid = {A6AB3821-1064-420D-8002-AE3D62E4EE90}
	EndGlobalSection
EndGlobal
